{
  "version": "1",
  "sources": {
    "disko": {
      "type": "GitHub",
      "fetchType": "tarball",
      "owner": "nix-community",
      "repo": "disko",
      "branch": "master",
      "revision": "725ea35e410ad83be4931d1bff7e090eacaf3563",
      "url": "https://github.com/nix-community/disko/archive/725ea35e410ad83be4931d1bff7e090eacaf3563.tar.gz",
      "hash": "sha256-uZkBR7yHdIKUFB5SZdfgh1qkGfI3XmYmI/lTiquxbck="
    },
    "nixos": {
      "type": "Tarball",
      "fetchType": "tarball",
      "origin": "https://channels.nixos.org/nixos-unstable/nixexprs.tar.zst",
      "revision": "20b1ddd1aa5ace70c9468305030aa4f9ef79671b",
      "url": "https://releases.nixos.org/nixos/unstable/nixos-26.11pre1076192.20b1ddd1aa5a/nixexprs.tar.zst?rev=20b1ddd1aa5ace70c9468305030aa4f9ef79671b&lastModified=1789785513",
      "hash": "sha256-BMbikTjbh5H7ac/OjwGoJrlooh4dgNqhs51ABM83M7g="
    },
    "nixpkgs": {
      "type": "Tarball",
      "fetchType": "tarball",
      "origin": "https://channels.nixos.org/nixpkgs-unstable/nixexprs.tar.zst",
      "revision": "0a3468a402c449992505b6a9fc5b06580141b750",
      "url": "https://releases.nixos.org/nixpkgs/nixpkgs-26.11pre1075779.0a3468a402c4/nixexprs.tar.zst?rev=0a3468a402c449992505b6a9fc5b06580141b750&lastModified=1789724158",
      "hash": "sha256-a+eLlfZMyiiI5LIQ946grNITLv+FMldenpy02jbE3NI="
    },
    "obsidian-mcp": {
      "type": "GitHub",
      "fetchType": "tarball",
      "owner": "Bert-Proesmans",
      "repo": "obsidian-mcp",
      "branch": "main",
      "revision": "b3f49605b5c602b72c0da8c1b1c2c39fff575702",
      "url": "https://github.com/Bert-Proesmans/obsidian-mcp/archive/b3f49605b5c602b72c0da8c1b1c2c39fff575702.tar.gz",
      "hash": "sha256-UBgToZVVYz6216IhhajWVqDrXbSIPNdl/VKth8s/ups="
    },
    "preservation": {
      "type": "GitHub",
      "fetchType": "tarball",
      "owner": "nix-community",
      "repo": "preservation",
      "branch": "main",
      "revision": "93416f4614ad2dfed5b0dcf12f27e57d27a5ab11",
      "url": "https://github.com/nix-community/preservation/archive/93416f4614ad2dfed5b0dcf12f27e57d27a5ab11.tar.gz",
      "hash": "sha256-mMI9IanU+Xw+pVogD2oT0I2kTmvz2Un/Apc5+CwUpEY="
    }
  }
}
