{
  "version": "1",
  "sources": {
    "disko": {
      "type": "GitHub",
      "fetchType": "tarball",
      "owner": "nix-community",
      "repo": "disko",
      "branch": "master",
      "revision": "725ea35e410ad83be4931d1bff7e090eacaf3563",
      "url": "https://github.com/nix-community/disko/archive/725ea35e410ad83be4931d1bff7e090eacaf3563.tar.gz",
      "hash": "sha256-uZkBR7yHdIKUFB5SZdfgh1qkGfI3XmYmI/lTiquxbck="
    },
    "nixos": {
      "type": "Tarball",
      "fetchType": "tarball",
      "origin": "https://channels.nixos.org/nixos-unstable/nixexprs.tar.zst",
      "revision": "151fa4e8ddfdd8dd25d945ad94ed54a13de9f6e4",
      "url": "https://releases.nixos.org/nixos/unstable/nixos-26.11pre1086391.151fa4e8ddfd/nixexprs.tar.zst?rev=151fa4e8ddfdd8dd25d945ad94ed54a13de9f6e4&lastModified=1791260994",
      "hash": "sha256-MFBjw66d4h06MvpW6lIl7RwarLteD0sk859CncGwb1Q="
    },
    "nixpkgs": {
      "type": "Tarball",
      "fetchType": "tarball",
      "origin": "https://channels.nixos.org/nixpkgs-unstable/nixexprs.tar.zst",
      "revision": "7dd199b0e2993e37b4775ed66b1c291699608c9f",
      "url": "https://releases.nixos.org/nixpkgs/nixpkgs-26.11pre1086972.7dd199b0e299/nixexprs.tar.zst?rev=7dd199b0e2993e37b4775ed66b1c291699608c9f&lastModified=1791336361",
      "hash": "sha256-7WQwlykef1x8n7aoyw4XP6882i2NRs5F6dVCXZ1NI1g="
    },
    "obsidian-mcp": {
      "type": "GitHub",
      "fetchType": "tarball",
      "owner": "Bert-Proesmans",
      "repo": "obsidian-mcp",
      "branch": "main",
      "revision": "b3f49605b5c602b72c0da8c1b1c2c39fff575702",
      "url": "https://github.com/Bert-Proesmans/obsidian-mcp/archive/b3f49605b5c602b72c0da8c1b1c2c39fff575702.tar.gz",
      "hash": "sha256-UBgToZVVYz6216IhhajWVqDrXbSIPNdl/VKth8s/ups="
    },
    "preservation": {
      "type": "GitHub",
      "fetchType": "tarball",
      "owner": "nix-community",
      "repo": "preservation",
      "branch": "main",
      "revision": "93416f4614ad2dfed5b0dcf12f27e57d27a5ab11",
      "url": "https://github.com/nix-community/preservation/archive/93416f4614ad2dfed5b0dcf12f27e57d27a5ab11.tar.gz",
      "hash": "sha256-mMI9IanU+Xw+pVogD2oT0I2kTmvz2Un/Apc5+CwUpEY="
    }
  }
}
