{
  "version": "1",
  "sources": {
    "disko": {
      "type": "GitHub",
      "fetchType": "tarball",
      "owner": "nix-community",
      "repo": "disko",
      "branch": "master",
      "revision": "725ea35e410ad83be4931d1bff7e090eacaf3563",
      "url": "https://github.com/nix-community/disko/archive/725ea35e410ad83be4931d1bff7e090eacaf3563.tar.gz",
      "hash": "sha256-uZkBR7yHdIKUFB5SZdfgh1qkGfI3XmYmI/lTiquxbck="
    },
    "nixos": {
      "type": "Tarball",
      "fetchType": "tarball",
      "origin": "https://channels.nixos.org/nixos-unstable/nixexprs.tar.zst",
      "revision": "e7439b6b14ad3cc35d05608ebca9bce01a25f5f8",
      "url": "https://releases.nixos.org/nixos/unstable/nixos-26.11pre1087755.e7439b6b14ad/nixexprs.tar.zst?rev=e7439b6b14ad3cc35d05608ebca9bce01a25f5f8&lastModified=1791456040",
      "hash": "sha256-gRZ/s8WQJ2CsXdhcDVQH34qxuL0MuMCOs3aBiK1Prsw="
    },
    "nixpkgs": {
      "type": "Tarball",
      "fetchType": "tarball",
      "origin": "https://channels.nixos.org/nixpkgs-unstable/nixexprs.tar.zst",
      "revision": "8edc0c72e3a38faf5434e40d1f19431125fe4b30",
      "url": "https://releases.nixos.org/nixpkgs/nixpkgs-26.11pre1088030.8edc0c72e3a3/nixexprs.tar.zst?rev=8edc0c72e3a38faf5434e40d1f19431125fe4b30&lastModified=1791487292",
      "hash": "sha256-6BIvCXtdLW4HQwsOGkgH444aB3vCbHypE9TA78ireh8="
    },
    "obsidian-mcp": {
      "type": "GitHub",
      "fetchType": "tarball",
      "owner": "Bert-Proesmans",
      "repo": "obsidian-mcp",
      "branch": "main",
      "revision": "b3f49605b5c602b72c0da8c1b1c2c39fff575702",
      "url": "https://github.com/Bert-Proesmans/obsidian-mcp/archive/b3f49605b5c602b72c0da8c1b1c2c39fff575702.tar.gz",
      "hash": "sha256-UBgToZVVYz6216IhhajWVqDrXbSIPNdl/VKth8s/ups="
    },
    "preservation": {
      "type": "GitHub",
      "fetchType": "tarball",
      "owner": "nix-community",
      "repo": "preservation",
      "branch": "main",
      "revision": "93416f4614ad2dfed5b0dcf12f27e57d27a5ab11",
      "url": "https://github.com/nix-community/preservation/archive/93416f4614ad2dfed5b0dcf12f27e57d27a5ab11.tar.gz",
      "hash": "sha256-mMI9IanU+Xw+pVogD2oT0I2kTmvz2Un/Apc5+CwUpEY="
    }
  }
}
