{
  "version": "1",
  "sources": {
    "disko": {
      "type": "GitHub",
      "fetchType": "tarball",
      "owner": "nix-community",
      "repo": "disko",
      "branch": "master",
      "revision": "725ea35e410ad83be4931d1bff7e090eacaf3563",
      "url": "https://github.com/nix-community/disko/archive/725ea35e410ad83be4931d1bff7e090eacaf3563.tar.gz",
      "hash": "sha256-uZkBR7yHdIKUFB5SZdfgh1qkGfI3XmYmI/lTiquxbck="
    },
    "nixos": {
      "type": "Tarball",
      "fetchType": "tarball",
      "origin": "https://channels.nixos.org/nixos-unstable/nixexprs.tar.zst",
      "revision": "c59305bab2065cfecc4944690d9eedbb56f3a9fa",
      "url": "https://releases.nixos.org/nixos/unstable/nixos-26.11pre1083223.c59305bab206/nixexprs.tar.zst?rev=c59305bab2065cfecc4944690d9eedbb56f3a9fa&lastModified=1790822859",
      "hash": "sha256-VBA0QerzzmL+4wxgtwiCdiLwLpJg2/9xOxhgO3BRJQA="
    },
    "nixpkgs": {
      "type": "Tarball",
      "fetchType": "tarball",
      "origin": "https://channels.nixos.org/nixpkgs-unstable/nixexprs.tar.zst",
      "revision": "b6c8664de9b6cc07fe5666a29f91884ba81197c4",
      "url": "https://releases.nixos.org/nixpkgs/nixpkgs-26.11pre1082290.b6c8664de9b6/nixexprs.tar.zst?rev=b6c8664de9b6cc07fe5666a29f91884ba81197c4&lastModified=1790652569",
      "hash": "sha256-k8Fu4c9Z+4Nh7mUr0cfw++ITQiyEhlWxoJBOkI3tOcQ="
    },
    "obsidian-mcp": {
      "type": "GitHub",
      "fetchType": "tarball",
      "owner": "Bert-Proesmans",
      "repo": "obsidian-mcp",
      "branch": "main",
      "revision": "b3f49605b5c602b72c0da8c1b1c2c39fff575702",
      "url": "https://github.com/Bert-Proesmans/obsidian-mcp/archive/b3f49605b5c602b72c0da8c1b1c2c39fff575702.tar.gz",
      "hash": "sha256-UBgToZVVYz6216IhhajWVqDrXbSIPNdl/VKth8s/ups="
    },
    "preservation": {
      "type": "GitHub",
      "fetchType": "tarball",
      "owner": "nix-community",
      "repo": "preservation",
      "branch": "main",
      "revision": "93416f4614ad2dfed5b0dcf12f27e57d27a5ab11",
      "url": "https://github.com/nix-community/preservation/archive/93416f4614ad2dfed5b0dcf12f27e57d27a5ab11.tar.gz",
      "hash": "sha256-mMI9IanU+Xw+pVogD2oT0I2kTmvz2Un/Apc5+CwUpEY="
    }
  }
}
